PODS:
  - AFNetworking (3.2.0):
    - AFNetworking/NSURLSession (= 3.2.0)
    - AFNetworking/Reachability (= 3.2.0)
    - AFNetworking/Security (= 3.2.0)
    - AFNetworking/Serialization (= 3.2.0)
    - AFNetworking/UIKit (= 3.2.0)
  - AFNetworking/NSURLSession (3.2.0):
    - AFNetworking/Reachability
    - AFNetworking/Security
    - AFNetworking/Serialization
  - AFNetworking/Reachability (3.2.0)
  - AFNetworking/Security (3.2.0)
  - AFNetworking/Serialization (3.2.0)
  - AFNetworking/UIKit (3.2.0):
    - AFNetworking/NSURLSession
  - BaiduMapKit (3.4.4)
  - IQKeyboardManager (3.3.7)
  - MJRefresh (3.1.15.3)
  - pop (1.0.10)
  - Reachability (3.2)
  - SDAutoLayout (2.2.0)
  - SDWebImage (4.3.3):
    - SDWebImage/Core (= 4.3.3)
  - SDWebImage/Core (4.3.3)
  - YYCache (1.0.4)

DEPENDENCIES:
  - AFNetworking (~> 3.2.0)
  - BaiduMapKit
  - IQKeyboardManager (~> 3.3.7)
  - MJRefresh
  - pop
  - Reachability
  - SDAutoLayout
  - SDWebImage
  - YYCache

SPEC REPOS:
  https://github.com/cocoapods/specs.git:
    - AFNetworking
    - BaiduMapKit
    - IQKeyboardManager
    - MJRefresh
    - pop
    - Reachability
    - SDAutoLayout
    - SDWebImage
    - YYCache

SPEC CHECKSUMS:
  AFNetworking: 8ac6017b94ea105479f7776e5288e48ae9c59bb4
  BaiduMapKit: 4ac88f5a363500760392825b69709f4a0125f81e
  IQKeyboardManager: 249c3946acf61345c18b038eb50863fe2793e3a8
  MJRefresh: b48380ae2b927b46c4ef000de9adb8dc748e1df7
  pop: 82ca6b068ce9278fd350fd9dd09482a0ce9492e6
  Reachability: 33e18b67625424e47b6cde6d202dce689ad7af96
  SDAutoLayout: c5509e77ae75735d9a39f7bc83dba6d3f75d49d8
  SDWebImage: de4d90b5bff3571eae7bd16202b1f43135409fa5
  YYCache: 8105b6638f5e849296c71f331ff83891a4942952

PODFILE CHECKSUM: 54e3cfa46631c1ab6ec2081f9e41848c8510ee83

COCOAPODS: 1.7.3
